
Microsoft Visual Studio Solution File, Format Version 12.00
# Visual Studio Version 17
VisualStudioVersion = 17.13.35931.197 d17.13
MinimumVisualStudioVersion = 10.0.40219.1
Project("{FAE04EC0-301F-11D3-BF4B-00C04F79EFBC}") = "patronIterator", "patronIterator\patronIterator.csproj", "{94E836CE-4CE9-4639-803B-70ED4F37A21A}"
EndProject
Project("{FAE04EC0-301F-11D3-BF4B-00C04F79EFBC}") = "ClassLibrary1", "ClassLibrary1\ClassLibrary1.csproj", "{CF99E56F-AF42-4DE2-AF3E-D4C227B855CE}"
EndProject
Global
	GlobalSection(SolutionConfigurationPlatforms) = preSolution
		Debug|Any CPU = Debug|Any CPU
		Release|Any CPU = Release|Any CPU
	EndGlobalSection
	GlobalSection(ProjectConfigurationPlatforms) = postSolution
		{94E836CE-4CE9-4639-803B-70ED4F37A21A}.Debug|Any CPU.ActiveCfg = Debug|Any CPU
		{94E836CE-4CE9-4639-803B-70ED4F37A21A}.Debug|Any CPU.Build.0 = Debug|Any CPU
		{94E836CE-4CE9-4639-803B-70ED4F37A21A}.Release|Any CPU.ActiveCfg = Release|Any CPU
		{94E836CE-4CE9-4639-803B-70ED4F37A21A}.Release|Any CPU.Build.0 = Release|Any CPU
		{CF99E56F-AF42-4DE2-AF3E-D4C227B855CE}.Debug|Any CPU.ActiveCfg = Debug|Any CPU
		{CF99E56F-AF42-4DE2-AF3E-D4C227B855CE}.Debug|Any CPU.Build.0 = Debug|Any CPU
		{CF99E56F-AF42-4DE2-AF3E-D4C227B855CE}.Release|Any CPU.ActiveCfg = Release|Any CPU
		{CF99E56F-AF42-4DE2-AF3E-D4C227B855CE}.Release|Any CPU.Build.0 = Release|Any CPU
	EndGlobalSection
	GlobalSection(SolutionProperties) = preSolution
		HideSolutionNode = FALSE
	EndGlobalSection
	GlobalSection(ExtensibilityGlobals) = postSolution
		SolutionGuid = {86810D10-E222-4F74-8480-0657E22CEFE3}
	EndGlobalSection
EndGlobal
